{
  "name": "Reactivities",
  "lockfileVersion": 3,
  "requires": true,
  "packages": {
    "": {
      "dependencies": {
        "mobx": "^6.13.6",
        "mobx-react-lite": "^4.1.0"
      }
    },
    "node_modules/mobx": {
      "version": "6.13.6",
      "resolved": "https://registry.npmjs.org/mobx/-/mobx-6.13.6.tgz",
      "integrity": "sha512-r19KNV0uBN4b+ER8Z0gA4y+MzDYIQ2SvOmn3fUrqPnWXdQfakd9yfbPBDBF/p5I+bd3N5Rk1fHONIvMay+bJGA==",
      "funding": {
        "type": "opencollective",
        "url": "https://opencollective.com/mobx"
      }
    },
    "node_modules/mobx-react-lite": {
      "version": "4.1.0",
      "resolved": "https://registry.npmjs.org/mobx-react-lite/-/mobx-react-lite-4.1.0.tgz",
      "integrity": "sha512-QEP10dpHHBeQNv1pks3WnHRCem2Zp636lq54M2nKO2Sarr13pL4u6diQXf65yzXUn0mkk18SyIDCm9UOJYTi1w==",
      "dependencies": {
        "use-sync-external-store": "^1.4.0"
      },
      "funding": {
        "type": "opencollective",
        "url": "https://opencollective.com/mobx"
      },
      "peerDependencies": {
        "mobx": "^6.9.0",
        "react": "^16.8.0 || ^17 || ^18 || ^19"
      },
      "peerDependenciesMeta": {
        "react-dom": {
          "optional": true
        },
        "react-native": {
          "optional": true
        }
      }
    },
    "node_modules/react": {
      "version": "19.0.0",
      "resolved": "https://registry.npmjs.org/react/-/react-19.0.0.tgz",
      "integrity": "sha512-V8AVnmPIICiWpGfm6GLzCR/W5FXLchHop40W4nXBmdlEceh16rCN8O8LNWm5bh5XUX91fh7KpA+W0TgMKmgTpQ==",
      "peer": true,
      "engines": {
        "node": ">=0.10.0"
      }
    },
    "node_modules/use-sync-external-store": {
      "version": "1.4.0",
      "resolved": "https://registry.npmjs.org/use-sync-external-store/-/use-sync-external-store-1.4.0.tgz",
      "integrity": "sha512-9WXSPC5fMv61vaupRkCKCxsPxBocVnwakBEkMIHHpkTTg6icbJtg6jzgtLDm4bl3cSHAca52rYWih0k4K3PfHw==",
      "peerDependencies": {
        "react": "^16.8.0 || ^17.0.0 || ^18.0.0 || ^19.0.0"
      }
    }
  }
}
